
Microsoft Visual Studio Solution File, Format Version 12.00
# Visual Studio Version 16
VisualStudioVersion = 16.0.33214.272
MinimumVisualStudioVersion = 10.0.40219.1
Project("{FAE04EC0-301F-11D3-BF4B-00C04F79EFBC}") = "test2", "test2\test2.csproj", "{ADE83A14-1A8F-4B22-90A5-C2BDC4FAF1E0}"
EndProject
Global
	GlobalSection(SolutionConfigurationPlatforms) = preSolution
		Debug|Any CPU = Debug|Any CPU
		Release|Any CPU = Release|Any CPU
	EndGlobalSection
	GlobalSection(ProjectConfigurationPlatforms) = postSolution
		{ADE83A14-1A8F-4B22-90A5-C2BDC4FAF1E0}.Debug|Any CPU.ActiveCfg = Debug|Any CPU
		{ADE83A14-1A8F-4B22-90A5-C2BDC4FAF1E0}.Debug|Any CPU.Build.0 = Debug|Any CPU
		{ADE83A14-1A8F-4B22-90A5-C2BDC4FAF1E0}.Release|Any CPU.ActiveCfg = Release|Any CPU
		{ADE83A14-1A8F-4B22-90A5-C2BDC4FAF1E0}.Release|Any CPU.Build.0 = Release|Any CPU
	EndGlobalSection
	GlobalSection(SolutionProperties) = preSolution
		HideSolutionNode = FALSE
	EndGlobalSection
	GlobalSection(ExtensibilityGlobals) = postSolution
		SolutionGuid = {E233F09F-7DDD-4C97-85E2-BB125AEC8772}
	EndGlobalSection
EndGlobal
